
Microsoft Visual Studio Solution File, Format Version 12.00
# Visual Studio Version 17
VisualStudioVersion = 17.7.34031.279
MinimumVisualStudioVersion = 10.0.40219.1
Project("{FAE04EC0-301F-11D3-BF4B-00C04F79EFBC}") = "ProjetoAAD", "ProjetoAAD\ProjetoAAD.csproj", "{17181B31-00C9-4B7C-B985-2F2E1CF0DFEA}"
EndProject
Global
	GlobalSection(SolutionConfigurationPlatforms) = preSolution
		Debug|Any CPU = Debug|Any CPU
		Release|Any CPU = Release|Any CPU
	EndGlobalSection
	GlobalSection(ProjectConfigurationPlatforms) = postSolution
		{17181B31-00C9-4B7C-B985-2F2E1CF0DFEA}.Debug|Any CPU.ActiveCfg = Debug|Any CPU
		{17181B31-00C9-4B7C-B985-2F2E1CF0DFEA}.Debug|Any CPU.Build.0 = Debug|Any CPU
		{17181B31-00C9-4B7C-B985-2F2E1CF0DFEA}.Release|Any CPU.ActiveCfg = Release|Any CPU
		{17181B31-00C9-4B7C-B985-2F2E1CF0DFEA}.Release|Any CPU.Build.0 = Release|Any CPU
	EndGlobalSection
	GlobalSection(SolutionProperties) = preSolution
		HideSolutionNode = FALSE
	EndGlobalSection
	GlobalSection(ExtensibilityGlobals) = postSolution
		SolutionGuid = {440DB04C-D48E-453A-A9B5-140EB0770B3A}
	EndGlobalSection
EndGlobal
