
Microsoft Visual Studio Solution File, Format Version 12.00
# Visual Studio Version 17
VisualStudioVersion = 17.7.34031.279
MinimumVisualStudioVersion = 10.0.40219.1
Project("{FAE04EC0-301F-11D3-BF4B-00C04F79EFBC}") = "AMSCodigo", "AMSCodigoFase05\AMSCodigo.csproj", "{CCBD6B81-ABDF-41E5-833F-B48E60F43C70}"
EndProject
Global
	GlobalSection(SolutionConfigurationPlatforms) = preSolution
		Debug|Any CPU = Debug|Any CPU
		Release|Any CPU = Release|Any CPU
	EndGlobalSection
	GlobalSection(ProjectConfigurationPlatforms) = postSolution
		{CCBD6B81-ABDF-41E5-833F-B48E60F43C70}.Debug|Any CPU.ActiveCfg = Debug|Any CPU
		{CCBD6B81-ABDF-41E5-833F-B48E60F43C70}.Debug|Any CPU.Build.0 = Debug|Any CPU
		{CCBD6B81-ABDF-41E5-833F-B48E60F43C70}.Release|Any CPU.ActiveCfg = Release|Any CPU
		{CCBD6B81-ABDF-41E5-833F-B48E60F43C70}.Release|Any CPU.Build.0 = Release|Any CPU
	EndGlobalSection
	GlobalSection(SolutionProperties) = preSolution
		HideSolutionNode = FALSE
	EndGlobalSection
	GlobalSection(ExtensibilityGlobals) = postSolution
		SolutionGuid = {BBBAB760-7C79-4971-BE3B-39D1C2DFAB19}
	EndGlobalSection
EndGlobal
